
Microsoft Visual Studio Solution File, Format Version 12.00
# Visual Studio Version 16
VisualStudioVersion = 16.0.30021.99
MinimumVisualStudioVersion = 10.0.40219.1
Project("{9A19103F-16F7-4668-BE54-9A1E7A4F7556}") = "Bcss.Wallboard.Api", "Bcss.Wallboard.Api\Bcss.Wallboard.Api.csproj", "{38927124-2C57-41EB-BBA6-4B6DACE35458}"
EndProject
Project("{9A19103F-16F7-4668-BE54-9A1E7A4F7556}") = "Bcss.Wallboard.Api.Web", "Bcss.Wallboard.Api.Web\Bcss.Wallboard.Api.Web.csproj", "{3BBE8AE1-62D5-40DC-997F-F5FF46E102F9}"
EndProject
Project("{9A19103F-16F7-4668-BE54-9A1E7A4F7556}") = "Bcss.Wallboard.Api.Domain", "Bcss.Wallboard.Api.Domain\Bcss.Wallboard.Api.Domain.csproj", "{8659A9C3-247A-481C-BB0E-1E89B00654F1}"
EndProject
Project("{9A19103F-16F7-4668-BE54-9A1E7A4F7556}") = "Bcss.Wallboard.Api.Data", "Bcss.Wallboard.Api.Data\Bcss.Wallboard.Api.Data.csproj", "{47B399AD-FC1B-4D27-B50F-0D544A6E7195}"
EndProject
Project("{9A19103F-16F7-4668-BE54-9A1E7A4F7556}") = "Bcss.Wallboard.Api.Data.EfCore", "Bcss.Wallboard.Api.Data.EfCore\Bcss.Wallboard.Api.Data.EfCore.csproj", "{1DED81DD-5FDA-4BC9-A64C-1F89DFD81C4C}"
EndProject
Global
	GlobalSection(SolutionConfigurationPlatforms) = preSolution
		Debug|Any CPU = Debug|Any CPU
		Release|Any CPU = Release|Any CPU
	EndGlobalSection
	GlobalSection(ProjectConfigurationPlatforms) = postSolution
		{38927124-2C57-41EB-BBA6-4B6DACE35458}.Debug|Any CPU.ActiveCfg = Debug|Any CPU
		{38927124-2C57-41EB-BBA6-4B6DACE35458}.Debug|Any CPU.Build.0 = Debug|Any CPU
		{38927124-2C57-41EB-BBA6-4B6DACE35458}.Release|Any CPU.ActiveCfg = Release|Any CPU
		{38927124-2C57-41EB-BBA6-4B6DACE35458}.Release|Any CPU.Build.0 = Release|Any CPU
		{3BBE8AE1-62D5-40DC-997F-F5FF46E102F9}.Debug|Any CPU.ActiveCfg = Debug|Any CPU
		{3BBE8AE1-62D5-40DC-997F-F5FF46E102F9}.Debug|Any CPU.Build.0 = Debug|Any CPU
		{3BBE8AE1-62D5-40DC-997F-F5FF46E102F9}.Release|Any CPU.ActiveCfg = Release|Any CPU
		{3BBE8AE1-62D5-40DC-997F-F5FF46E102F9}.Release|Any CPU.Build.0 = Release|Any CPU
		{8659A9C3-247A-481C-BB0E-1E89B00654F1}.Debug|Any CPU.ActiveCfg = Debug|Any CPU
		{8659A9C3-247A-481C-BB0E-1E89B00654F1}.Debug|Any CPU.Build.0 = Debug|Any CPU
		{8659A9C3-247A-481C-BB0E-1E89B00654F1}.Release|Any CPU.ActiveCfg = Release|Any CPU
		{8659A9C3-247A-481C-BB0E-1E89B00654F1}.Release|Any CPU.Build.0 = Release|Any CPU
		{47B399AD-FC1B-4D27-B50F-0D544A6E7195}.Debug|Any CPU.ActiveCfg = Debug|Any CPU
		{47B399AD-FC1B-4D27-B50F-0D544A6E7195}.Debug|Any CPU.Build.0 = Debug|Any CPU
		{47B399AD-FC1B-4D27-B50F-0D544A6E7195}.Release|Any CPU.ActiveCfg = Release|Any CPU
		{47B399AD-FC1B-4D27-B50F-0D544A6E7195}.Release|Any CPU.Build.0 = Release|Any CPU
		{1DED81DD-5FDA-4BC9-A64C-1F89DFD81C4C}.Debug|Any CPU.ActiveCfg = Debug|Any CPU
		{1DED81DD-5FDA-4BC9-A64C-1F89DFD81C4C}.Debug|Any CPU.Build.0 = Debug|Any CPU
		{1DED81DD-5FDA-4BC9-A64C-1F89DFD81C4C}.Release|Any CPU.ActiveCfg = Release|Any CPU
		{1DED81DD-5FDA-4BC9-A64C-1F89DFD81C4C}.Release|Any CPU.Build.0 = Release|Any CPU
	EndGlobalSection
	GlobalSection(SolutionProperties) = preSolution
		HideSolutionNode = FALSE
	EndGlobalSection
	GlobalSection(ExtensibilityGlobals) = postSolution
		SolutionGuid = {553D1AE3-62BC-41B3-B4DA-446E3067AF92}
	EndGlobalSection
EndGlobal
